
Microsoft Visual Studio Solution File, Format Version 12.00
# Visual Studio 14
VisualStudioVersion = 14.0.25420.1
MinimumVisualStudioVersion = 10.0.40219.1
Project("{FAE04EC0-301F-11D3-BF4B-00C04F79EFBC}") = "Blotify", "Blotify\Blotify.csproj", "{D37FFAE2-7E5C-47A4-A258-A7123B60D6D9}"
EndProject
Project("{2150E333-8FDC-42A3-9474-1A3956D46DE8}") = "Solution Items", "Solution Items", "{BD548B2A-9EE3-460A-9ECA-A7DEC6E52ED1}"
	ProjectSection(SolutionItems) = preProject
		Blotify\Blotify.iss = Blotify\Blotify.iss
		LICENSE.md = LICENSE.md
		README.md = README.md
	EndProjectSection
EndProject
Global
	GlobalSection(SolutionConfigurationPlatforms) = preSolution
		Debug|Any CPU = Debug|Any CPU
		Release|Any CPU = Release|Any CPU
	EndGlobalSection
	GlobalSection(ProjectConfigurationPlatforms) = postSolution
		{D37FFAE2-7E5C-47A4-A258-A7123B60D6D9}.Debug|Any CPU.ActiveCfg = Debug|Any CPU
		{D37FFAE2-7E5C-47A4-A258-A7123B60D6D9}.Debug|Any CPU.Build.0 = Debug|Any CPU
		{D37FFAE2-7E5C-47A4-A258-A7123B60D6D9}.Release|Any CPU.ActiveCfg = Release|Any CPU
		{D37FFAE2-7E5C-47A4-A258-A7123B60D6D9}.Release|Any CPU.Build.0 = Release|Any CPU
	EndGlobalSection
	GlobalSection(SolutionProperties) = preSolution
		HideSolutionNode = FALSE
	EndGlobalSection
EndGlobal
